
Microsoft Visual Studio Solution File, Format Version 12.00
# Visual Studio Version 17
VisualStudioVersion = 17.5.33530.505
MinimumVisualStudioVersion = 10.0.40219.1
Project("{FAE04EC0-301F-11D3-BF4B-00C04F79EFBC}") = "Coding_c#_Interview", "Coding_c#_Interview\Coding_c#_Interview.csproj", "{655FF600-0A82-470B-A82F-0CC9B7928001}"
EndProject
Global
	GlobalSection(SolutionConfigurationPlatforms) = preSolution
		Debug|Any CPU = Debug|Any CPU
		Release|Any CPU = Release|Any CPU
	EndGlobalSection
	GlobalSection(ProjectConfigurationPlatforms) = postSolution
		{655FF600-0A82-470B-A82F-0CC9B7928001}.Debug|Any CPU.ActiveCfg = Debug|Any CPU
		{655FF600-0A82-470B-A82F-0CC9B7928001}.Debug|Any CPU.Build.0 = Debug|Any CPU
		{655FF600-0A82-470B-A82F-0CC9B7928001}.Release|Any CPU.ActiveCfg = Release|Any CPU
		{655FF600-0A82-470B-A82F-0CC9B7928001}.Release|Any CPU.Build.0 = Release|Any CPU
	EndGlobalSection
	GlobalSection(SolutionProperties) = preSolution
		HideSolutionNode = FALSE
	EndGlobalSection
	GlobalSection(ExtensibilityGlobals) = postSolution
		SolutionGuid = {2E4929BD-4EBE-48F9-8181-F11016A087BC}
	EndGlobalSection
EndGlobal
